
Microsoft Visual Studio Solution File, Format Version 12.00
# Visual Studio 15
VisualStudioVersion = 15.0.26730.16
MinimumVisualStudioVersion = 10.0.40219.1
Project("{FAE04EC0-301F-11D3-BF4B-00C04F79EFBC}") = "截取视频", "截取视频\截取视频.csproj", "{2B944CC7-CAB5-43B1-821D-005140DEC944}"
EndProject
Global
	GlobalSection(SolutionConfigurationPlatforms) = preSolution
		Debug|Any CPU = Debug|Any CPU
		Release|Any CPU = Release|Any CPU
	EndGlobalSection
	GlobalSection(ProjectConfigurationPlatforms) = postSolution
		{2B944CC7-CAB5-43B1-821D-005140DEC944}.Debug|Any CPU.ActiveCfg = Debug|Any CPU
		{2B944CC7-CAB5-43B1-821D-005140DEC944}.Debug|Any CPU.Build.0 = Debug|Any CPU
		{2B944CC7-CAB5-43B1-821D-005140DEC944}.Release|Any CPU.ActiveCfg = Release|Any CPU
		{2B944CC7-CAB5-43B1-821D-005140DEC944}.Release|Any CPU.Build.0 = Release|Any CPU
	EndGlobalSection
	GlobalSection(SolutionProperties) = preSolution
		HideSolutionNode = FALSE
	EndGlobalSection
	GlobalSection(ExtensibilityGlobals) = postSolution
		SolutionGuid = {B49C1DEF-A99F-4EF1-83BD-D4CB8279F973}
	EndGlobalSection
EndGlobal
